
Microsoft Visual Studio Solution File, Format Version 12.00
# Visual Studio 15
VisualStudioVersion = 15.0.27130.2003
MinimumVisualStudioVersion = 10.0.40219.1
Project("{9A19103F-16F7-4668-BE54-9A1E7A4F7556}") = "Asp.NetCore.GzipCompression.Sample", "Asp.NetCore.GzipCompression.Sample.csproj", "{791222F2-C364-41D5-B4A2-7E4D3D266145}"
EndProject
Global
	GlobalSection(SolutionConfigurationPlatforms) = preSolution
		Debug|Any CPU = Debug|Any CPU
		Release|Any CPU = Release|Any CPU
	EndGlobalSection
	GlobalSection(ProjectConfigurationPlatforms) = postSolution
		{791222F2-C364-41D5-B4A2-7E4D3D266145}.Debug|Any CPU.ActiveCfg = Debug|Any CPU
		{791222F2-C364-41D5-B4A2-7E4D3D266145}.Debug|Any CPU.Build.0 = Debug|Any CPU
		{791222F2-C364-41D5-B4A2-7E4D3D266145}.Release|Any CPU.ActiveCfg = Release|Any CPU
		{791222F2-C364-41D5-B4A2-7E4D3D266145}.Release|Any CPU.Build.0 = Release|Any CPU
	EndGlobalSection
	GlobalSection(SolutionProperties) = preSolution
		HideSolutionNode = FALSE
	EndGlobalSection
	GlobalSection(ExtensibilityGlobals) = postSolution
		SolutionGuid = {8F48484B-953C-431C-A001-2DB6D796C1E9}
	EndGlobalSection
EndGlobal
