
Microsoft Visual Studio Solution File, Format Version 12.00
# Visual Studio 15
VisualStudioVersion = 15.0.27130.2003
MinimumVisualStudioVersion = 10.0.40219.1
Project("{9A19103F-16F7-4668-BE54-9A1E7A4F7556}") = "AspNetCore.OptionsSample", "AspNetCore.OptionsSample.csproj", "{C3EED146-89FC-4174-B3FA-CDC9D1E7657C}"
EndProject
Global
	GlobalSection(SolutionConfigurationPlatforms) = preSolution
		Debug|Any CPU = Debug|Any CPU
		Release|Any CPU = Release|Any CPU
	EndGlobalSection
	GlobalSection(ProjectConfigurationPlatforms) = postSolution
		{C3EED146-89FC-4174-B3FA-CDC9D1E7657C}.Debug|Any CPU.ActiveCfg = Debug|Any CPU
		{C3EED146-89FC-4174-B3FA-CDC9D1E7657C}.Debug|Any CPU.Build.0 = Debug|Any CPU
		{C3EED146-89FC-4174-B3FA-CDC9D1E7657C}.Release|Any CPU.ActiveCfg = Release|Any CPU
		{C3EED146-89FC-4174-B3FA-CDC9D1E7657C}.Release|Any CPU.Build.0 = Release|Any CPU
	EndGlobalSection
	GlobalSection(SolutionProperties) = preSolution
		HideSolutionNode = FALSE
	EndGlobalSection
	GlobalSection(ExtensibilityGlobals) = postSolution
		SolutionGuid = {0640BBF6-5044-4E55-9281-1D726C3801D6}
	EndGlobalSection
EndGlobal
