
Microsoft Visual Studio Solution File, Format Version 12.00
# Visual Studio 15
VisualStudioVersion = 15.0.26228.4
MinimumVisualStudioVersion = 10.0.40219.1
Project("{FAE04EC0-301F-11D3-BF4B-00C04F79EFBC}") = "AspNetCore.MiddlewareAnalysis.Demo", "AspNetCore.MiddlewareAnalysis.Demo\AspNetCore.MiddlewareAnalysis.Demo.csproj", "{B9BE0333-25D2-48A6-A397-1A1164FCB520}"
EndProject
Global
	GlobalSection(SolutionConfigurationPlatforms) = preSolution
		Debug|Any CPU = Debug|Any CPU
		Release|Any CPU = Release|Any CPU
	EndGlobalSection
	GlobalSection(ProjectConfigurationPlatforms) = postSolution
		{B9BE0333-25D2-48A6-A397-1A1164FCB520}.Debug|Any CPU.ActiveCfg = Debug|Any CPU
		{B9BE0333-25D2-48A6-A397-1A1164FCB520}.Debug|Any CPU.Build.0 = Debug|Any CPU
		{B9BE0333-25D2-48A6-A397-1A1164FCB520}.Release|Any CPU.ActiveCfg = Release|Any CPU
		{B9BE0333-25D2-48A6-A397-1A1164FCB520}.Release|Any CPU.Build.0 = Release|Any CPU
	EndGlobalSection
	GlobalSection(SolutionProperties) = preSolution
		HideSolutionNode = FALSE
	EndGlobalSection
EndGlobal
