
Microsoft Visual Studio Solution File, Format Version 12.00
# Visual Studio 14
VisualStudioVersion = 14.0.25420.1
MinimumVisualStudioVersion = 10.0.40219.1
Project("{2150E333-8FDC-42A3-9474-1A3956D46DE8}") = "src", "src", "{673A3234-1613-4580-BAAE-4E8EF1582DD9}"
EndProject
Project("{2150E333-8FDC-42A3-9474-1A3956D46DE8}") = "Solution Items", "Solution Items", "{7F343667-DF91-46E9-A1FC-44A94E31674D}"
	ProjectSection(SolutionItems) = preProject
		global.json = global.json
	EndProjectSection
EndProject
Project("{8BB2217D-0F2D-49D1-97BC-3654ED321F3B}") = "UnitOfWorkDemo", "src\UnitOfWorkDemo\UnitOfWorkDemo.xproj", "{6591F69F-7C0D-48A2-B7FA-C181B257E2AD}"
EndProject
Project("{8BB2217D-0F2D-49D1-97BC-3654ED321F3B}") = "UnitOfWorkModel", "src\UnitOfWork.Model\UnitOfWorkModel.xproj", "{C78891AC-31C4-47CB-8950-5D8E0CE75C96}"
EndProject
Project("{8BB2217D-0F2D-49D1-97BC-3654ED321F3B}") = "UnitOfWorkInfrastructure", "src\UnitOfWork.Infrastructure\UnitOfWorkInfrastructure.xproj", "{90DF73F3-DD2A-4F73-8C7B-D6145B577236}"
EndProject
Project("{8BB2217D-0F2D-49D1-97BC-3654ED321F3B}") = "UnitOfWorkService", "src\UnitOfWork.Service\UnitOfWorkService.xproj", "{4CC2E3E0-7B2C-473E-8603-3FA95B1DEDD9}"
EndProject
Global
	GlobalSection(SolutionConfigurationPlatforms) = preSolution
		Debug|Any CPU = Debug|Any CPU
		Release|Any CPU = Release|Any CPU
	EndGlobalSection
	GlobalSection(ProjectConfigurationPlatforms) = postSolution
		{6591F69F-7C0D-48A2-B7FA-C181B257E2AD}.Debug|Any CPU.ActiveCfg = Debug|Any CPU
		{6591F69F-7C0D-48A2-B7FA-C181B257E2AD}.Debug|Any CPU.Build.0 = Debug|Any CPU
		{6591F69F-7C0D-48A2-B7FA-C181B257E2AD}.Release|Any CPU.ActiveCfg = Release|Any CPU
		{6591F69F-7C0D-48A2-B7FA-C181B257E2AD}.Release|Any CPU.Build.0 = Release|Any CPU
		{C78891AC-31C4-47CB-8950-5D8E0CE75C96}.Debug|Any CPU.ActiveCfg = Debug|Any CPU
		{C78891AC-31C4-47CB-8950-5D8E0CE75C96}.Debug|Any CPU.Build.0 = Debug|Any CPU
		{C78891AC-31C4-47CB-8950-5D8E0CE75C96}.Release|Any CPU.ActiveCfg = Release|Any CPU
		{C78891AC-31C4-47CB-8950-5D8E0CE75C96}.Release|Any CPU.Build.0 = Release|Any CPU
		{90DF73F3-DD2A-4F73-8C7B-D6145B577236}.Debug|Any CPU.ActiveCfg = Debug|Any CPU
		{90DF73F3-DD2A-4F73-8C7B-D6145B577236}.Debug|Any CPU.Build.0 = Debug|Any CPU
		{90DF73F3-DD2A-4F73-8C7B-D6145B577236}.Release|Any CPU.ActiveCfg = Release|Any CPU
		{90DF73F3-DD2A-4F73-8C7B-D6145B577236}.Release|Any CPU.Build.0 = Release|Any CPU
		{4CC2E3E0-7B2C-473E-8603-3FA95B1DEDD9}.Debug|Any CPU.ActiveCfg = Debug|Any CPU
		{4CC2E3E0-7B2C-473E-8603-3FA95B1DEDD9}.Debug|Any CPU.Build.0 = Debug|Any CPU
		{4CC2E3E0-7B2C-473E-8603-3FA95B1DEDD9}.Release|Any CPU.ActiveCfg = Release|Any CPU
		{4CC2E3E0-7B2C-473E-8603-3FA95B1DEDD9}.Release|Any CPU.Build.0 = Release|Any CPU
	EndGlobalSection
	GlobalSection(SolutionProperties) = preSolution
		HideSolutionNode = FALSE
	EndGlobalSection
	GlobalSection(NestedProjects) = preSolution
		{6591F69F-7C0D-48A2-B7FA-C181B257E2AD} = {673A3234-1613-4580-BAAE-4E8EF1582DD9}
		{C78891AC-31C4-47CB-8950-5D8E0CE75C96} = {673A3234-1613-4580-BAAE-4E8EF1582DD9}
		{90DF73F3-DD2A-4F73-8C7B-D6145B577236} = {673A3234-1613-4580-BAAE-4E8EF1582DD9}
		{4CC2E3E0-7B2C-473E-8603-3FA95B1DEDD9} = {673A3234-1613-4580-BAAE-4E8EF1582DD9}
	EndGlobalSection
EndGlobal
