
Microsoft Visual Studio Solution File, Format Version 12.00
# Visual Studio 15
VisualStudioVersion = 15.0.26730.16
MinimumVisualStudioVersion = 10.0.40219.1
Project("{FAE04EC0-301F-11D3-BF4B-00C04F79EFBC}") = "AppMetricsDemo", "AppMetricsDemo\AppMetricsDemo.csproj", "{C848B96C-1B99-4495-8A73-A534E6D11611}"
EndProject
Global
	GlobalSection(SolutionConfigurationPlatforms) = preSolution
		Debug|Any CPU = Debug|Any CPU
		Release|Any CPU = Release|Any CPU
	EndGlobalSection
	GlobalSection(ProjectConfigurationPlatforms) = postSolution
		{C848B96C-1B99-4495-8A73-A534E6D11611}.Debug|Any CPU.ActiveCfg = Debug|Any CPU
		{C848B96C-1B99-4495-8A73-A534E6D11611}.Debug|Any CPU.Build.0 = Debug|Any CPU
		{C848B96C-1B99-4495-8A73-A534E6D11611}.Release|Any CPU.ActiveCfg = Release|Any CPU
		{C848B96C-1B99-4495-8A73-A534E6D11611}.Release|Any CPU.Build.0 = Release|Any CPU
	EndGlobalSection
	GlobalSection(SolutionProperties) = preSolution
		HideSolutionNode = FALSE
	EndGlobalSection
	GlobalSection(ExtensibilityGlobals) = postSolution
		SolutionGuid = {DAFFD3E1-004A-4909-91AD-80AD8F66B946}
	EndGlobalSection
EndGlobal
